<Solution>
  <Project Path="EventDrivenCheckout.AppHost/EventDrivenCheckout.AppHost.csproj" />
  <Project Path="EventDrivenCheckout.Basket/EventDrivenCheckout.Basket.csproj" />
  <Project Path="EventDrivenCheckout.Logistics/EventDrivenCheckout.Logistics.csproj" />
  <Project Path="EventDrivenCheckout.Order/EventDrivenCheckout.Order.csproj" />
  <Project Path="EventDrivenCheckout.ServiceDefaults/EventDrivenCheckout.ServiceDefaults.csproj" />
</Solution>
